# This file is autogenerated, do not edit; changes may be undone by the next 'dep ensure'.


[[projects]]
  digest = "1:e94b0e06a3c3fcfb22c6fac6ca9699d232139d8797cfc54f5b82dd9b6cd4fc18"
  name = "github.com/Shopify/sarama"
  packages = ["."]
  pruneopts = ""
  revision = "89707055369768913defac030c15cf08e9e57925"
  version = "v1.27.2"

[[projects]]
  digest = "1:0deddd908b6b4b768cfc272c16ee61e7088a60f7fe2f06c547bd3d8e1f8b8e77"
  name = "github.com/davecgh/go-spew"
  packages = ["spew"]
  pruneopts = ""
  revision = "8991bc29aa16c548c550c7ff78260e27b9ab7c73"
  version = "v1.1.1"

[[projects]]
  digest = "1:8c9af6e3162383951dee97404fadb761f9ae60b4806998df288a5b143afa7251"
  name = "github.com/eapache/go-resiliency"
  packages = ["breaker"]
  pruneopts = ""
  revision = "5efd2ed019fd331ec2defc6f3bd98882f1e3e636"
  version = "v1.2.0"

[[projects]]
  branch = "master"
  digest = "1:6643c01e619a68f80ac12ad81223275df653528c6d7e3788291c1fd6f1d622f6"
  name = "github.com/eapache/go-xerial-snappy"
  packages = ["."]
  pruneopts = ""
  revision = "776d5712da21bc4762676d614db1d8a64f4238b0"

[[projects]]
  digest = "1:d8d46d21073d0f65daf1740ebf4629c65e04bf92e14ce93c2201e8624843c3d3"
  name = "github.com/eapache/queue"
  packages = ["."]
  pruneopts = ""
  revision = "44cc805cf13205b55f69e14bcb69867d1ae92f98"
  version = "v1.1.0"

[[projects]]
  digest = "1:0bbb0aced372f627dd5ecbff5453fd918ff5952a150aff0850ac6b54111a7217"
  name = "github.com/elastic/beats"
  packages = [
    "libbeat/beat",
    "libbeat/cfgfile",
    "libbeat/common",
    "libbeat/common/dtfmt",
    "libbeat/common/file",
    "libbeat/common/fmtstr",
    "libbeat/common/jsontransform",
    "libbeat/common/match",
    "libbeat/common/op",
    "libbeat/common/streambuf",
    "libbeat/dashboards/dashboards",
    "libbeat/logp",
    "libbeat/monitoring",
    "libbeat/monitoring/adapter",
    "libbeat/outputs",
    "libbeat/outputs/codecs/format",
    "libbeat/outputs/codecs/json",
    "libbeat/outputs/console",
    "libbeat/outputs/elasticsearch",
    "libbeat/outputs/fileout",
    "libbeat/outputs/kafka",
    "libbeat/outputs/logstash",
    "libbeat/outputs/mode",
    "libbeat/outputs/mode/lb",
    "libbeat/outputs/mode/modeutil",
    "libbeat/outputs/mode/single",
    "libbeat/outputs/outil",
    "libbeat/outputs/redis",
    "libbeat/outputs/transport",
    "libbeat/paths",
    "libbeat/plugin",
    "libbeat/processors",
    "libbeat/processors/actions",
    "libbeat/processors/add_cloud_metadata",
    "libbeat/publisher",
    "libbeat/service",
    "libbeat/setup/kibana",
    "metricbeat/schema",
    "metricbeat/schema/mapstriface",
  ]
  pruneopts = ""
  revision = "1aa1b17dde701599ee8fd56a4796b3ebea5ad845"
  version = "v5.6.16"

[[projects]]
  digest = "1:1e740c464548791ea20635f2f02351a0319e3d9ac9dbde8505c8784e8904c812"
  name = "github.com/elastic/go-lumber"
  packages = [
    "client/v2",
    "log",
    "protocol/v2",
  ]
  pruneopts = ""
  revision = "616041e345fc33c97bc0eb0fa6b388aa07bca3e1"
  version = "v0.1.0"

[[projects]]
  digest = "1:d9359c7fe8020480ce031685273241900bc2a4b3dad923b76dc05a0e1528c5dc"
  name = "github.com/elastic/go-ucfg"
  packages = [
    ".",
    "cfgutil",
    "flag",
    "json",
    "parse",
    "yaml",
  ]
  pruneopts = ""
  revision = "f3ae3b220df32cfcae011ec6bbf87a711e6bf06b"
  version = "v0.8.3"

[[projects]]
  digest = "1:bd85c149efeda034e46c9573be9535ec43299829932d9924256ea382145de005"
  name = "github.com/garyburd/redigo"
  packages = [
    "internal",
    "redis",
  ]
  pruneopts = ""
  revision = "569eae59ada904ea8db7a225c2b47165af08735a"
  version = "v1.6.2"

[[projects]]
  digest = "1:615bc3f1ff7e7be64495a4c5cc8060cc91b73091ea8003932c36322e499c35bb"
  name = "github.com/golang/snappy"
  packages = ["."]
  pruneopts = ""
  revision = "196ae77b8a26000fa30caa8b2b541e09674dbc43"
  version = "v0.0.2"

[[projects]]
  digest = "1:d5e928ff735d055c7756e420d2bca5ec8a129fbc738c9f3fa43b65b67426c41a"
  name = "github.com/hashicorp/go-uuid"
  packages = ["."]
  pruneopts = ""
  revision = "6195a4f20692188e0a389def25559731d1e130f9"
  version = "v1.0.2"

[[projects]]
  digest = "1:f90117c955f59c4008a3cb51830bcd7d3d6cec12ca906da7057b05ddc2a1169c"
  name = "github.com/indeedsecurity/carbonbeat"
  packages = [
    "app",
    "carbonclient",
    "config",
  ]
  pruneopts = ""
  revision = "fa7ae1bc5df95f153bdee61b183c1cc088a4b0d4"
  version = "v2.0.0"

[[projects]]
  digest = "1:d45477e90c25c8c6d7d4237281167aa56079382fc042db4b44a8328071649bfa"
  name = "github.com/jcmturner/gofork"
  packages = [
    "encoding/asn1",
    "x/crypto/pbkdf2",
  ]
  pruneopts = ""
  revision = "dc7c13fece037a4a36e2b3c69db4991498d30692"
  version = "v1.0.0"

[[projects]]
  branch = "master"
  digest = "1:521a4970efd87aee222f294b7f0c281266fd4325a3e5c31bda725dff082d120a"
  name = "github.com/joeshaw/multierror"
  packages = ["."]
  pruneopts = ""
  revision = "69b34d4ec901851247ae7e77d33909caf9df99ed"

[[projects]]
  digest = "1:cc4243153b9d7dacb9a1516201f2838dea9348612685f99931209946a59ed954"
  name = "github.com/klauspost/compress"
  packages = [
    "flate",
    "fse",
    "huff0",
    "snappy",
    "zlib",
    "zstd",
    "zstd/internal/xxhash",
  ]
  pruneopts = ""
  revision = "ff4a4acf3be7ac7b0b1c3381000e0216eb9e956f"
  version = "v1.11.3"

[[projects]]
  digest = "1:946343d34a6b5ab89d288a54ff406e37c0db6130d90a07f32f6aa71098687f82"
  name = "github.com/mitchellh/hashstructure"
  packages = ["."]
  pruneopts = ""
  revision = "d072abffc64ced70298852edb0ea32e75b79df20"
  version = "v2.0.1"

[[projects]]
  branch = "master"
  digest = "1:662a0c4efb96e986853bb32989dcec7a0ac53807a852484cb345fdb345635796"
  name = "github.com/nranchev/go-libGeoIP"
  packages = ["."]
  pruneopts = ""
  revision = "d6d4a9a4c7e8d750064c10550bbd4f9aae50d48e"

[[projects]]
  digest = "1:547e6f5d758d79c684b712544e87fa9c5b4424afe4d01a8dc08f6667dbe52f6d"
  name = "github.com/pierrec/lz4"
  packages = [
    ".",
    "internal/xxh32",
  ]
  pruneopts = ""
  revision = "0e583d326e0ec6b9c1ad223188dc709af385408e"
  version = "v2.6.0"

[[projects]]
  digest = "1:c45802472e0c06928cd997661f2af610accd85217023b1d5f6331bebce0671d3"
  name = "github.com/pkg/errors"
  packages = ["."]
  pruneopts = ""
  revision = "614d223910a179a466c1767a985424175c39b465"
  version = "v0.9.1"

[[projects]]
  branch = "master"
  digest = "1:501966c414275e9a86a290f4d227939718add43b3142a60843ed1e18e48a4925"
  name = "github.com/rcrowley/go-metrics"
  packages = [
    ".",
    "exp",
  ]
  pruneopts = ""
  revision = "10cdbea86bc0b922507ce91d43f4f78a5bea2e8f"

[[projects]]
  digest = "1:7f569d906bdd20d906b606415b7d794f798f91a62fcfb6a4daa6d50690fb7a3f"
  name = "github.com/satori/go.uuid"
  packages = ["."]
  pruneopts = ""
  revision = "f58768cc1a7a7e77a3bd49e98cdd21419399b6a3"
  version = "v1.2.0"

[[projects]]
  branch = "master"
  digest = "1:4762d0c6f1cf2379bbf8d4b88423fe7a1f44f87c966605d11bccb62568136c61"
  name = "golang.org/x/crypto"
  packages = [
    "md4",
    "pbkdf2",
  ]
  pruneopts = ""
  revision = "c1f2f97bffc9c53fc40a1a28a5b460094c0050d9"

[[projects]]
  branch = "master"
  digest = "1:e2d09f7d43399e5611a0d127fc2941c0bbb208b0701de6ee4ab4f249805fe31f"
  name = "golang.org/x/net"
  packages = [
    "internal/socks",
    "proxy",
  ]
  pruneopts = ""
  revision = "69a78807bb2bb6d1599c68698c6b009505012083"

[[projects]]
  branch = "master"
  digest = "1:3d2a2835773ff2a9149219731e5acb01cc3dd0f46cc503bf2575c584eea4dfac"
  name = "golang.org/x/sys"
  packages = [
    "internal/unsafeheader",
    "windows",
    "windows/svc",
    "windows/svc/debug",
  ]
  pruneopts = ""
  revision = "f84b799fce68db3cb46a8f6f819c1e56377181df"

[[projects]]
  digest = "1:4777ba481cc12866b89aafb0a67529e7ac48b9aea06a25f3737b2cf5a3ffda12"
  name = "gopkg.in/jcmturner/aescts.v1"
  packages = ["."]
  pruneopts = ""
  revision = "f6abebb3171c4c1b1fea279cb7c7325020a26290"
  version = "v1.0.1"

[[projects]]
  digest = "1:84c5b1392ef65ad1bb64da4b4d0beb2f204eefc769d6d96082347bb7057cb7b1"
  name = "gopkg.in/jcmturner/dnsutils.v1"
  packages = ["."]
  pruneopts = ""
  revision = "13eeb8d49ffb74d7a75784c35e4d900607a3943c"
  version = "v1.0.1"

[[projects]]
  digest = "1:75b95137454f306ccb36052ee6902730d746a64800ad56ed57f1e6d2c7b27784"
  name = "gopkg.in/jcmturner/gokrb5.v7"
  packages = [
    "asn1tools",
    "client",
    "config",
    "credentials",
    "crypto",
    "crypto/common",
    "crypto/etype",
    "crypto/rfc3961",
    "crypto/rfc3962",
    "crypto/rfc4757",
    "crypto/rfc8009",
    "gssapi",
    "iana",
    "iana/addrtype",
    "iana/adtype",
    "iana/asnAppTag",
    "iana/chksumtype",
    "iana/errorcode",
    "iana/etypeID",
    "iana/flags",
    "iana/keyusage",
    "iana/msgtype",
    "iana/nametype",
    "iana/patype",
    "kadmin",
    "keytab",
    "krberror",
    "messages",
    "pac",
    "types",
  ]
  pruneopts = ""
  revision = "0b0d9d762bbc834e1e14f3f39dcea984364e9d63"
  version = "v7.5.0"

[[projects]]
  digest = "1:f9956ccc103c6208cd50c71ee5191b6fdcc635972c12624ef949c9b20b2bb9d1"
  name = "gopkg.in/jcmturner/rpc.v1"
  packages = [
    "mstypes",
    "ndr",
  ]
  pruneopts = ""
  revision = "99a8ce2fbf8b8087b6ed12a37c61b10f04070043"
  version = "v1.1.0"

[[projects]]
  digest = "1:43eca683d801087f3acacfd036474638bc5e293ff6078758d710d99c40ec3f7c"
  name = "gopkg.in/yaml.v2"
  packages = ["."]
  pruneopts = ""
  revision = "0b1645d91e851e735d3e23330303ce81f70adbe3"
  version = "v2.3.0"

[solve-meta]
  analyzer-name = "dep"
  analyzer-version = 1
  input-imports = [
    "github.com/elastic/beats/libbeat/beat",
    "github.com/elastic/beats/libbeat/common",
    "github.com/elastic/beats/libbeat/logp",
    "github.com/elastic/beats/libbeat/publisher",
    "github.com/indeedsecurity/carbonbeat/app",
    "github.com/indeedsecurity/carbonbeat/carbonclient",
    "github.com/indeedsecurity/carbonbeat/config",
  ]
  solver-name = "gps-cdcl"
  solver-version = 1
